
Microsoft Visual Studio Solution File, Format Version 12.00
# Visual Studio Version 17
VisualStudioVersion = 17.1.32328.378
MinimumVisualStudioVersion = 10.0.40219.1
Project("{FAE04EC0-301F-11D3-BF4B-00C04F79EFBC}") = "SQL_TRACE_CLEANSER", "SQL_TRACE_CLEANSER\SQL_TRACE_CLEANSER.csproj", "{60E9A051-0F16-4E94-B3B0-A329ACE1000C}"
EndProject
Global
	GlobalSection(SolutionConfigurationPlatforms) = preSolution
		Debug|Any CPU = Debug|Any CPU
		Release|Any CPU = Release|Any CPU
	EndGlobalSection
	GlobalSection(ProjectConfigurationPlatforms) = postSolution
		{60E9A051-0F16-4E94-B3B0-A329ACE1000C}.Debug|Any CPU.ActiveCfg = Debug|Any CPU
		{60E9A051-0F16-4E94-B3B0-A329ACE1000C}.Debug|Any CPU.Build.0 = Debug|Any CPU
		{60E9A051-0F16-4E94-B3B0-A329ACE1000C}.Release|Any CPU.ActiveCfg = Release|Any CPU
		{60E9A051-0F16-4E94-B3B0-A329ACE1000C}.Release|Any CPU.Build.0 = Release|Any CPU
	EndGlobalSection
	GlobalSection(SolutionProperties) = preSolution
		HideSolutionNode = FALSE
	EndGlobalSection
	GlobalSection(ExtensibilityGlobals) = postSolution
		SolutionGuid = {B4E91CB1-CCF2-4CBF-B060-149CF4100B9A}
	EndGlobalSection
EndGlobal
